// !$*UTF8*$!
{
	archiveVersion = 1;
	classes = {};
	objectVersion = 56;
	objects = {

/* Begin PBXBuildFile section */
		A10000000000000000000002 /* ES80CaptureShellView.swift in Sources */ = {isa = PBXBuildFile; fileRef = B10000000000000000000002 /* ES80CaptureShellView.swift */; };
		A10000000000000000000004 /* NembraCaptureEntrypoint.swift in Sources */ = {isa = PBXBuildFile; fileRef = B10000000000000000000004 /* NembraCaptureEntrypoint.swift */; };
		A10000000000000000000005 /* TuyaAccountBridge.swift in Sources */ = {isa = PBXBuildFile; fileRef = B10000000000000000000005 /* TuyaAccountBridge.swift */; };
		A10000000000000000000006 /* TuyaAuthenticatedStationaryView.swift in Sources */ = {isa = PBXBuildFile; fileRef = B10000000000000000000006 /* TuyaAuthenticatedStationaryView.swift */; };
		A10000000000000000000007 /* TuyaCaptureCredentialVault.swift in Sources */ = {isa = PBXBuildFile; fileRef = B10000000000000000000007 /* TuyaCaptureCredentialVault.swift */; };
		A10000000000000000000009 /* NembraTuyaSDKBridge.m in Sources */ = {isa = PBXBuildFile; fileRef = B10000000000000000000009 /* NembraTuyaSDKBridge.m */; };
		A1000000000000000000000A /* TuyaAuthenticatedReadOnlyPreflight.swift in Sources */ = {isa = PBXBuildFile; fileRef = B1000000000000000000000A /* TuyaAuthenticatedReadOnlyPreflight.swift */; };
		A1000000000000000000000C /* TuyaFD50RawObserver.swift in Sources */ = {isa = PBXBuildFile; fileRef = B1000000000000000000000C /* TuyaFD50RawObserver.swift */; };
/* End PBXBuildFile section */

/* Begin PBXFileReference section */
		B10000000000000000000002 /* ES80CaptureShellView.swift */ = {isa = PBXFileReference; lastKnownFileType = sourcecode.swift; name = ES80CaptureShellView.swift; path = NembraApp/Features/Research/ES80CaptureShellView.swift; sourceTree = SOURCE_ROOT; };
		B10000000000000000000003 /* Nembra Capture.app */ = {isa = PBXFileReference; explicitFileType = wrapper.application; includeInIndex = 0; path = "Nembra Capture.app"; sourceTree = BUILT_PRODUCTS_DIR; };
		B10000000000000000000004 /* NembraCaptureEntrypoint.swift */ = {isa = PBXFileReference; lastKnownFileType = sourcecode.swift; name = NembraCaptureEntrypoint.swift; path = NembraApp/App/NembraCaptureEntrypoint.swift; sourceTree = SOURCE_ROOT; };
		B10000000000000000000005 /* TuyaAccountBridge.swift */ = {isa = PBXFileReference; lastKnownFileType = sourcecode.swift; name = TuyaAccountBridge.swift; path = NembraApp/Features/Research/TuyaAccountBridge.swift; sourceTree = SOURCE_ROOT; };
		B10000000000000000000006 /* TuyaAuthenticatedStationaryView.swift */ = {isa = PBXFileReference; lastKnownFileType = sourcecode.swift; name = TuyaAuthenticatedStationaryView.swift; path = NembraApp/Features/Research/TuyaAuthenticatedStationaryView.swift; sourceTree = SOURCE_ROOT; };
		B10000000000000000000007 /* TuyaCaptureCredentialVault.swift */ = {isa = PBXFileReference; lastKnownFileType = sourcecode.swift; name = TuyaCaptureCredentialVault.swift; path = NembraApp/Features/Research/TuyaCaptureCredentialVault.swift; sourceTree = SOURCE_ROOT; };
		B10000000000000000000009 /* NembraTuyaSDKBridge.m */ = {isa = PBXFileReference; lastKnownFileType = sourcecode.c.objc; name = NembraTuyaSDKBridge.m; path = NembraApp/Features/Research/NembraTuyaSDKBridge.m; sourceTree = SOURCE_ROOT; };
		B1000000000000000000000A /* TuyaAuthenticatedReadOnlyPreflight.swift */ = {isa = PBXFileReference; lastKnownFileType = sourcecode.swift; name = TuyaAuthenticatedReadOnlyPreflight.swift; path = Packages/NembraBluetoothCapture/Sources/NembraBluetoothCapture/TuyaAuthenticatedReadOnlyPreflight.swift; sourceTree = SOURCE_ROOT; };
		B1000000000000000000000B /* NembraTuyaSDKBridge.h */ = {isa = PBXFileReference; lastKnownFileType = sourcecode.c.h; name = NembraTuyaSDKBridge.h; path = NembraApp/Features/Research/NembraTuyaSDKBridge.h; sourceTree = SOURCE_ROOT; };
		B1000000000000000000000C /* TuyaFD50RawObserver.swift */ = {isa = PBXFileReference; lastKnownFileType = sourcecode.swift; name = TuyaFD50RawObserver.swift; path = NembraApp/Features/Research/TuyaFD50RawObserver.swift; sourceTree = SOURCE_ROOT; };
/* End PBXFileReference section */

/* Begin PBXFrameworksBuildPhase section */
		F10000000000000000000001 /* Frameworks */ = {
			isa = PBXFrameworksBuildPhase;
			buildActionMask = 2147483647;
			files = ();
			runOnlyForDeploymentPostprocessing = 0;
		};
/* End PBXFrameworksBuildPhase section */

/* Begin PBXGroup section */
		G10000000000000000000001 = {
			isa = PBXGroup;
			children = (
				G10000000000000000000002 /* Capture Sources */,
				G10000000000000000000003 /* Products */,
			);
			sourceTree = "<group>";
		};
		G10000000000000000000002 /* Capture Sources */ = {
			isa = PBXGroup;
			children = (
				B10000000000000000000004 /* NembraCaptureEntrypoint.swift */,
				B10000000000000000000005 /* TuyaAccountBridge.swift */,
				B10000000000000000000007 /* TuyaCaptureCredentialVault.swift */,
				B10000000000000000000006 /* TuyaAuthenticatedStationaryView.swift */,
				B1000000000000000000000C /* TuyaFD50RawObserver.swift */,
				B1000000000000000000000A /* TuyaAuthenticatedReadOnlyPreflight.swift */,
				B1000000000000000000000B /* NembraTuyaSDKBridge.h */,
				B10000000000000000000009 /* NembraTuyaSDKBridge.m */,
				B10000000000000000000002 /* ES80CaptureShellView.swift */,
			);
			name = "Capture Sources";
			sourceTree = "<group>";
		};
		G10000000000000000000003 /* Products */ = {
			isa = PBXGroup;
			children = (
				B10000000000000000000003 /* Nembra Capture.app */,
			);
			name = Products;
			sourceTree = "<group>";
		};
/* End PBXGroup section */

/* Begin PBXNativeTarget section */
		T10000000000000000000001 /* Nembra Capture */ = {
			isa = PBXNativeTarget;
			buildConfigurationList = C10000000000000000000002 /* Build configuration list for PBXNativeTarget "Nembra Capture" */;
			buildPhases = (
				S10000000000000000000001 /* Sources */,
				F10000000000000000000001 /* Frameworks */,
				R10000000000000000000001 /* Resources */,
			);
			buildRules = ();
			dependencies = ();
			name = "Nembra Capture";
			productName = "Nembra Capture";
			productReference = B10000000000000000000003 /* Nembra Capture.app */;
			productType = "com.apple.product-type.application";
		};
/* End PBXNativeTarget section */

/* Begin PBXProject section */
		P10000000000000000000001 /* Project object */ = {
			isa = PBXProject;
			attributes = {
				BuildIndependentTargetsInParallel = 1;
				LastSwiftUpdateCheck = 2600;
				LastUpgradeCheck = 2600;
				TargetAttributes = {
					T10000000000000000000001 = {
						CreatedOnToolsVersion = 26.0;
					};
				};
			};
			buildConfigurationList = C10000000000000000000001 /* Build configuration list for PBXProject "NembraCapture" */;
			compatibilityVersion = "Xcode 14.0";
			developmentRegion = en;
			hasScannedForEncodings = 0;
			knownRegions = (en, Base);
			mainGroup = G10000000000000000000001;
			productRefGroup = G10000000000000000000003 /* Products */;
			projectDirPath = "";
			projectRoot = "";
			targets = (
				T10000000000000000000001 /* Nembra Capture */,
			);
		};
/* End PBXProject section */

/* Begin PBXResourcesBuildPhase section */
		R10000000000000000000001 /* Resources */ = {
			isa = PBXResourcesBuildPhase;
			buildActionMask = 2147483647;
			files = ();
			runOnlyForDeploymentPostprocessing = 0;
		};
/* End PBXResourcesBuildPhase section */

/* Begin PBXSourcesBuildPhase section */
		S10000000000000000000001 /* Sources */ = {
			isa = PBXSourcesBuildPhase;
			buildActionMask = 2147483647;
			files = (
				A10000000000000000000004 /* NembraCaptureEntrypoint.swift in Sources */,
				A10000000000000000000005 /* TuyaAccountBridge.swift in Sources */,
				A10000000000000000000007 /* TuyaCaptureCredentialVault.swift in Sources */,
				A10000000000000000000006 /* TuyaAuthenticatedStationaryView.swift in Sources */,
				A1000000000000000000000C /* TuyaFD50RawObserver.swift in Sources */,
				A1000000000000000000000A /* TuyaAuthenticatedReadOnlyPreflight.swift in Sources */,
				A10000000000000000000009 /* NembraTuyaSDKBridge.m in Sources */,
				A10000000000000000000002 /* ES80CaptureShellView.swift in Sources */,
			);
			runOnlyForDeploymentPostprocessing = 0;
		};
/* End PBXSourcesBuildPhase section */

/* Begin XCBuildConfiguration section */
		D10000000000000000000001 /* Debug */ = {
			isa = XCBuildConfiguration;
			buildSettings = {
				ALWAYS_SEARCH_USER_PATHS = NO;
				CLANG_ENABLE_MODULES = YES;
				DEBUG_INFORMATION_FORMAT = dwarf;
				ENABLE_TESTABILITY = YES;
				GCC_OPTIMIZATION_LEVEL = 0;
				IPHONEOS_DEPLOYMENT_TARGET = 17.0;
				ONLY_ACTIVE_ARCH = YES;
				SDKROOT = iphoneos;
				SWIFT_ACTIVE_COMPILATION_CONDITIONS = DEBUG;
				SWIFT_OPTIMIZATION_LEVEL = "-Onone";
				SWIFT_VERSION = 5.0;
			};
			name = Debug;
		};
		D10000000000000000000002 /* Release */ = {
			isa = XCBuildConfiguration;
			buildSettings = {
				ALWAYS_SEARCH_USER_PATHS = NO;
				CLANG_ENABLE_MODULES = YES;
				DEBUG_INFORMATION_FORMAT = "dwarf-with-dsym";
				IPHONEOS_DEPLOYMENT_TARGET = 17.0;
				SDKROOT = iphoneos;
				SWIFT_COMPILATION_MODE = wholemodule;
				SWIFT_OPTIMIZATION_LEVEL = "-O";
				SWIFT_VERSION = 5.0;
				VALIDATE_PRODUCT = YES;
			};
			name = Release;
		};
		D10000000000000000000003 /* Debug */ = {
			isa = XCBuildConfiguration;
			buildSettings = {
				CODE_SIGN_STYLE = Automatic;
				CURRENT_PROJECT_VERSION = 3;
				ENABLE_PREVIEWS = NO;
				GENERATE_INFOPLIST_FILE = YES;
				INFOPLIST_KEY_CFBundleDisplayName = "Nembra Capture";
				INFOPLIST_KEY_NEMBRA_TUYA_APP_KEY = "$(NEMBRA_TUYA_APP_KEY)";
				INFOPLIST_KEY_NEMBRA_TUYA_APP_SECRET = "$(NEMBRA_TUYA_APP_SECRET)";
				INFOPLIST_KEY_NSBluetoothAlwaysUsageDescription = "Nembra Capture uses Bluetooth to observe this scooter's already-verified FD50 notify channel during a stationary authenticated capture.";
				INFOPLIST_KEY_NSBluetoothPeripheralUsageDescription = "Nembra Capture uses Bluetooth to observe this scooter's already-verified FD50 notify channel during a stationary authenticated capture.";
				INFOPLIST_KEY_NSLocationWhenInUseUsageDescription = "Nembra Capture can use iPhone location speed as a reference during later evidence-gated scooter correlation experiments.";
				INFOPLIST_KEY_UIApplicationSceneManifest_Generation = YES;
				INFOPLIST_KEY_UILaunchScreen_Generation = YES;
				INFOPLIST_KEY_UISupportedInterfaceOrientations = "UIInterfaceOrientationPortrait UIInterfaceOrientationLandscapeLeft UIInterfaceOrientationLandscapeRight";
				IPHONEOS_DEPLOYMENT_TARGET = 17.0;
				MARKETING_VERSION = 1.2;
				PRODUCT_BUNDLE_IDENTIFIER = com.jonathangana131.nembra.capturelearn;
				PRODUCT_NAME = "Nembra Capture";
				SUPPORTED_PLATFORMS = "iphoneos iphonesimulator";
				SWIFT_EMIT_LOC_STRINGS = NO;
				SWIFT_OBJC_BRIDGING_HEADER = NembraApp/Features/Research/NembraTuyaSDKBridge.h;
				SWIFT_VERSION = 5.0;
				TARGETED_DEVICE_FAMILY = 1;
			};
			name = Debug;
		};
		D10000000000000000000004 /* Release */ = {
			isa = XCBuildConfiguration;
			buildSettings = {
				CODE_SIGN_STYLE = Automatic;
				CURRENT_PROJECT_VERSION = 3;
				ENABLE_PREVIEWS = NO;
				GENERATE_INFOPLIST_FILE = YES;
				INFOPLIST_KEY_CFBundleDisplayName = "Nembra Capture";
				INFOPLIST_KEY_NEMBRA_TUYA_APP_KEY = "$(NEMBRA_TUYA_APP_KEY)";
				INFOPLIST_KEY_NEMBRA_TUYA_APP_SECRET = "$(NEMBRA_TUYA_APP_SECRET)";
				INFOPLIST_KEY_NSBluetoothAlwaysUsageDescription = "Nembra Capture uses Bluetooth to observe this scooter's already-verified FD50 notify channel during a stationary authenticated capture.";
				INFOPLIST_KEY_NSBluetoothPeripheralUsageDescription = "Nembra Capture uses Bluetooth to observe this scooter's already-verified FD50 notify channel during a stationary authenticated capture.";
				INFOPLIST_KEY_NSLocationWhenInUseUsageDescription = "Nembra Capture can use iPhone location speed as a reference during later evidence-gated scooter correlation experiments.";
				INFOPLIST_KEY_UIApplicationSceneManifest_Generation = YES;
				INFOPLIST_KEY_UILaunchScreen_Generation = YES;
				INFOPLIST_KEY_UISupportedInterfaceOrientations = "UIInterfaceOrientationPortrait UIInterfaceOrientationLandscapeLeft UIInterfaceOrientationLandscapeRight";
				IPHONEOS_DEPLOYMENT_TARGET = 17.0;
				MARKETING_VERSION = 1.2;
				PRODUCT_BUNDLE_IDENTIFIER = com.jonathangana131.nembra.capturelearn;
				PRODUCT_NAME = "Nembra Capture";
				SUPPORTED_PLATFORMS = "iphoneos iphonesimulator";
				SWIFT_EMIT_LOC_STRINGS = NO;
				SWIFT_OBJC_BRIDGING_HEADER = NembraApp/Features/Research/NembraTuyaSDKBridge.h;
				SWIFT_VERSION = 5.0;
				TARGETED_DEVICE_FAMILY = 1;
			};
			name = Release;
		};
/* End XCBuildConfiguration section */

/* Begin XCConfigurationList section */
		C10000000000000000000001 /* Build configuration list for PBXProject "NembraCapture" */ = {
			isa = XCConfigurationList;
			buildConfigurations = (
				D10000000000000000000001 /* Debug */,
				D10000000000000000000002 /* Release */,
			);
			defaultConfigurationIsVisible = 0;
			defaultConfigurationName = Release;
		};
		C10000000000000000000002 /* Build configuration list for PBXNativeTarget "Nembra Capture" */ = {
			isa = XCConfigurationList;
			buildConfigurations = (
				D10000000000000000000003 /* Debug */,
				D10000000000000000000004 /* Release */,
			);
			defaultConfigurationIsVisible = 0;
			defaultConfigurationName = Release;
		};
/* End XCConfigurationList section */
	};
	rootObject = P10000000000000000000001 /* Project object */;
}
